
Microsoft Visual Studio Solution File, Format Version 12.00
# Visual Studio Version 17
VisualStudioVersion = 17.9.34723.18
MinimumVisualStudioVersion = 10.0.40219.1
Project("{FAE04EC0-301F-11D3-BF4B-00C04F79EFBC}") = "WordSearchApp", "WordSearchApp\WordSearchApp.csproj", "{7D9B1BC8-CB52-4836-920C-D0D5D06199FE}"
EndProject
Global
	GlobalSection(SolutionConfigurationPlatforms) = preSolution
		Debug|Any CPU = Debug|Any CPU
		Release|Any CPU = Release|Any CPU
	EndGlobalSection
	GlobalSection(ProjectConfigurationPlatforms) = postSolution
		{7D9B1BC8-CB52-4836-920C-D0D5D06199FE}.Debug|Any CPU.ActiveCfg = Debug|Any CPU
		{7D9B1BC8-CB52-4836-920C-D0D5D06199FE}.Debug|Any CPU.Build.0 = Debug|Any CPU
		{7D9B1BC8-CB52-4836-920C-D0D5D06199FE}.Release|Any CPU.ActiveCfg = Release|Any CPU
		{7D9B1BC8-CB52-4836-920C-D0D5D06199FE}.Release|Any CPU.Build.0 = Release|Any CPU
	EndGlobalSection
	GlobalSection(SolutionProperties) = preSolution
		HideSolutionNode = FALSE
	EndGlobalSection
	GlobalSection(ExtensibilityGlobals) = postSolution
		SolutionGuid = {A85D10E5-DF86-4964-BDE2-1CDCF1FB729B}
	EndGlobalSection
EndGlobal
